// !$*UTF8*$!
{
	archiveVersion = 1;
	classes = {
	};
	objectVersion = 46;
	objects = {

/* Begin PBXBuildFile section */
		4B0E40C11CE9E27100AD1330 /* main.m in Sources */ = {isa = PBXBuildFile; fileRef = 4B0E40C01CE9E27100AD1330 /* main.m */; };
		4B0E40C41CE9E27100AD1330 /* AppDelegate.m in Sources */ = {isa = PBXBuildFile; fileRef = 4B0E40C31CE9E27100AD1330 /* AppDelegate.m */; };
		4B0E40C61CE9E27100AD1330 /* Assets.xcassets in Resources */ = {isa = PBXBuildFile; fileRef = 4B0E40C51CE9E27100AD1330 /* Assets.xcassets */; };
		4B0E40C91CE9E27100AD1330 /* LaunchScreen.storyboard in Resources */ = {isa = PBXBuildFile; fileRef = 4B0E40C71CE9E27100AD1330 /* LaunchScreen.storyboard */; };
		4B0E41061CE9E2E600AD1330 /* XHNetworking.m in Sources */ = {isa = PBXBuildFile; fileRef = 4B0E41051CE9E2E600AD1330 /* XHNetworking.m */; };
		4B0E410B1CE9E37C00AD1330 /* ViewController.m in Sources */ = {isa = PBXBuildFile; fileRef = 4B0E41091CE9E37C00AD1330 /* ViewController.m */; };
		4B0E410C1CE9E37C00AD1330 /* ViewController.xib in Resources */ = {isa = PBXBuildFile; fileRef = 4B0E410A1CE9E37C00AD1330 /* ViewController.xib */; };
		4B5479051CEAB731005C5EE8 /* CacheViewController.m in Sources */ = {isa = PBXBuildFile; fileRef = 4B5479031CEAB731005C5EE8 /* CacheViewController.m */; };
		4B5479061CEAB731005C5EE8 /* CacheViewController.xib in Resources */ = {isa = PBXBuildFile; fileRef = 4B5479041CEAB731005C5EE8 /* CacheViewController.xib */; };
		8D5E9A5CC342E849B2621482 /* libPods-XHNetworkingExample.a in Frameworks */ = {isa = PBXBuildFile; fileRef = 51AA918FDE1751D3A2D1B7B1 /* libPods-XHNetworkingExample.a */; };
/* End PBXBuildFile section */

/* Begin PBXFileReference section */
		4B0E40BC1CE9E27100AD1330 /* XHNetworkingExample.app */ = {isa = PBXFileReference; explicitFileType = wrapper.application; includeInIndex = 0; path = XHNetworkingExample.app; sourceTree = BUILT_PRODUCTS_DIR; };
		4B0E40C01CE9E27100AD1330 /* main.m */ = {isa = PBXFileReference; lastKnownFileType = sourcecode.c.objc; path = main.m; sourceTree = "<group>"; };
		4B0E40C21CE9E27100AD1330 /* AppDelegate.h */ = {isa = PBXFileReference; lastKnownFileType = sourcecode.c.h; path = AppDelegate.h; sourceTree = "<group>"; };
		4B0E40C31CE9E27100AD1330 /* AppDelegate.m */ = {isa = PBXFileReference; lastKnownFileType = sourcecode.c.objc; path = AppDelegate.m; sourceTree = "<group>"; };
		4B0E40C51CE9E27100AD1330 /* Assets.xcassets */ = {isa = PBXFileReference; lastKnownFileType = folder.assetcatalog; path = Assets.xcassets; sourceTree = "<group>"; };
		4B0E40C81CE9E27100AD1330 /* Base */ = {isa = PBXFileReference; lastKnownFileType = file.storyboard; name = Base; path = Base.lproj/LaunchScreen.storyboard; sourceTree = "<group>"; };
		4B0E40CA1CE9E27100AD1330 /* Info.plist */ = {isa = PBXFileReference; lastKnownFileType = text.plist.xml; path = Info.plist; sourceTree = "<group>"; };
		4B0E41041CE9E2E600AD1330 /* XHNetworking.h */ = {isa = PBXFileReference; fileEncoding = 4; lastKnownFileType = sourcecode.c.h; path = XHNetworking.h; sourceTree = "<group>"; };
		4B0E41051CE9E2E600AD1330 /* XHNetworking.m */ = {isa = PBXFileReference; fileEncoding = 4; lastKnownFileType = sourcecode.c.objc; path = XHNetworking.m; sourceTree = "<group>"; };
		4B0E41081CE9E37C00AD1330 /* ViewController.h */ = {isa = PBXFileReference; fileEncoding = 4; lastKnownFileType = sourcecode.c.h; path = ViewController.h; sourceTree = "<group>"; };
		4B0E41091CE9E37C00AD1330 /* ViewController.m */ = {isa = PBXFileReference; fileEncoding = 4; lastKnownFileType = sourcecode.c.objc; path = ViewController.m; sourceTree = "<group>"; };
		4B0E410A1CE9E37C00AD1330 /* ViewController.xib */ = {isa = PBXFileReference; fileEncoding = 4; lastKnownFileType = file.xib; path = ViewController.xib; sourceTree = "<group>"; };
		4B5479021CEAB731005C5EE8 /* CacheViewController.h */ = {isa = PBXFileReference; fileEncoding = 4; lastKnownFileType = sourcecode.c.h; path = CacheViewController.h; sourceTree = "<group>"; };
		4B5479031CEAB731005C5EE8 /* CacheViewController.m */ = {isa = PBXFileReference; fileEncoding = 4; lastKnownFileType = sourcecode.c.objc; path = CacheViewController.m; sourceTree = "<group>"; };
		4B5479041CEAB731005C5EE8 /* CacheViewController.xib */ = {isa = PBXFileReference; fileEncoding = 4; lastKnownFileType = file.xib; path = CacheViewController.xib; sourceTree = "<group>"; };
		51AA918FDE1751D3A2D1B7B1 /* libPods-XHNetworkingExample.a */ = {isa = PBXFileReference; explicitFileType = archive.ar; includeInIndex = 0; path = "libPods-XHNetworkingExample.a"; sourceTree = BUILT_PRODUCTS_DIR; };
		B3AF1BBD62071BE228F84435 /* Pods-XHNetworkingExample.debug.xcconfig */ = {isa = PBXFileReference; includeInIndex = 1; lastKnownFileType = text.xcconfig; name = "Pods-XHNetworkingExample.debug.xcconfig"; path = "Pods/Target Support Files/Pods-XHNetworkingExample/Pods-XHNetworkingExample.debug.xcconfig"; sourceTree = "<group>"; };
		FC33E12F966860EFD982B6D9 /* Pods-XHNetworkingExample.release.xcconfig */ = {isa = PBXFileReference; includeInIndex = 1; lastKnownFileType = text.xcconfig; name = "Pods-XHNetworkingExample.release.xcconfig"; path = "Pods/Target Support Files/Pods-XHNetworkingExample/Pods-XHNetworkingExample.release.xcconfig"; sourceTree = "<group>"; };
/* End PBXFileReference section */

/* Begin PBXFrameworksBuildPhase section */
		4B0E40B91CE9E27100AD1330 /* Frameworks */ = {
			isa = PBXFrameworksBuildPhase;
			buildActionMask = 2147483647;
			files = (
				8D5E9A5CC342E849B2621482 /* libPods-XHNetworkingExample.a in Frameworks */,
			);
			runOnlyForDeploymentPostprocessing = 0;
		};
/* End PBXFrameworksBuildPhase section */

/* Begin PBXGroup section */
		4B0E40B31CE9E27100AD1330 = {
			isa = PBXGroup;
			children = (
				4B0E41071CE9E36600AD1330 /* Classes */,
				4B0E40D01CE9E2CF00AD1330 /* XHNetworking */,
				4B0E40BE1CE9E27100AD1330 /* XHNetworkingExample */,
				4B0E40BD1CE9E27100AD1330 /* Products */,
				E7CDFB4A77C0809508B91167 /* Pods */,
				A25FA1836E914CDDABA0CE34 /* Frameworks */,
			);
			sourceTree = "<group>";
		};
		4B0E40BD1CE9E27100AD1330 /* Products */ = {
			isa = PBXGroup;
			children = (
				4B0E40BC1CE9E27100AD1330 /* XHNetworkingExample.app */,
			);
			name = Products;
			sourceTree = "<group>";
		};
		4B0E40BE1CE9E27100AD1330 /* XHNetworkingExample */ = {
			isa = PBXGroup;
			children = (
				4B0E40C21CE9E27100AD1330 /* AppDelegate.h */,
				4B0E40C31CE9E27100AD1330 /* AppDelegate.m */,
				4B0E40C51CE9E27100AD1330 /* Assets.xcassets */,
				4B0E40C71CE9E27100AD1330 /* LaunchScreen.storyboard */,
				4B0E40CA1CE9E27100AD1330 /* Info.plist */,
				4B0E40BF1CE9E27100AD1330 /* Supporting Files */,
			);
			path = XHNetworkingExample;
			sourceTree = "<group>";
		};
		4B0E40BF1CE9E27100AD1330 /* Supporting Files */ = {
			isa = PBXGroup;
			children = (
				4B0E40C01CE9E27100AD1330 /* main.m */,
			);
			name = "Supporting Files";
			sourceTree = "<group>";
		};
		4B0E40D01CE9E2CF00AD1330 /* XHNetworking */ = {
			isa = PBXGroup;
			children = (
				4B0E41041CE9E2E600AD1330 /* XHNetworking.h */,
				4B0E41051CE9E2E600AD1330 /* XHNetworking.m */,
			);
			path = XHNetworking;
			sourceTree = "<group>";
		};
		4B0E41071CE9E36600AD1330 /* Classes */ = {
			isa = PBXGroup;
			children = (
				4B0E41081CE9E37C00AD1330 /* ViewController.h */,
				4B0E41091CE9E37C00AD1330 /* ViewController.m */,
				4B0E410A1CE9E37C00AD1330 /* ViewController.xib */,
				4B5479021CEAB731005C5EE8 /* CacheViewController.h */,
				4B5479031CEAB731005C5EE8 /* CacheViewController.m */,
				4B5479041CEAB731005C5EE8 /* CacheViewController.xib */,
			);
			path = Classes;
			sourceTree = "<group>";
		};
		A25FA1836E914CDDABA0CE34 /* Frameworks */ = {
			isa = PBXGroup;
			children = (
				51AA918FDE1751D3A2D1B7B1 /* libPods-XHNetworkingExample.a */,
			);
			name = Frameworks;
			sourceTree = "<group>";
		};
		E7CDFB4A77C0809508B91167 /* Pods */ = {
			isa = PBXGroup;
			children = (
				B3AF1BBD62071BE228F84435 /* Pods-XHNetworkingExample.debug.xcconfig */,
				FC33E12F966860EFD982B6D9 /* Pods-XHNetworkingExample.release.xcconfig */,
			);
			name = Pods;
			sourceTree = "<group>";
		};
/* End PBXGroup section */

/* Begin PBXNativeTarget section */
		4B0E40BB1CE9E27100AD1330 /* XHNetworkingExample */ = {
			isa = PBXNativeTarget;
			buildConfigurationList = 4B0E40CD1CE9E27100AD1330 /* Build configuration list for PBXNativeTarget "XHNetworkingExample" */;
			buildPhases = (
				BB14679224FB1479928AD3C2 /* 📦 Check Pods Manifest.lock */,
				4B0E40B81CE9E27100AD1330 /* Sources */,
				4B0E40B91CE9E27100AD1330 /* Frameworks */,
				4B0E40BA1CE9E27100AD1330 /* Resources */,
				BAF82B7E20FCEB20F8984974 /* 📦 Embed Pods Frameworks */,
				6248991F788A48F9262F9947 /* 📦 Copy Pods Resources */,
			);
			buildRules = (
			);
			dependencies = (
			);
			name = XHNetworkingExample;
			productName = XHNetworkingExample;
			productReference = 4B0E40BC1CE9E27100AD1330 /* XHNetworkingExample.app */;
			productType = "com.apple.product-type.application";
		};
/* End PBXNativeTarget section */

/* Begin PBXProject section */
		4B0E40B41CE9E27100AD1330 /* Project object */ = {
			isa = PBXProject;
			attributes = {
				LastUpgradeCheck = 0730;
				ORGANIZATIONNAME = qiantou;
				TargetAttributes = {
					4B0E40BB1CE9E27100AD1330 = {
						CreatedOnToolsVersion = 7.3.1;
					};
				};
			};
			buildConfigurationList = 4B0E40B71CE9E27100AD1330 /* Build configuration list for PBXProject "XHNetworkingExample" */;
			compatibilityVersion = "Xcode 3.2";
			developmentRegion = English;
			hasScannedForEncodings = 0;
			knownRegions = (
				en,
				Base,
			);
			mainGroup = 4B0E40B31CE9E27100AD1330;
			productRefGroup = 4B0E40BD1CE9E27100AD1330 /* Products */;
			projectDirPath = "";
			projectRoot = "";
			targets = (
				4B0E40BB1CE9E27100AD1330 /* XHNetworkingExample */,
			);
		};
/* End PBXProject section */

/* Begin PBXResourcesBuildPhase section */
		4B0E40BA1CE9E27100AD1330 /* Resources */ = {
			isa = PBXResourcesBuildPhase;
			buildActionMask = 2147483647;
			files = (
				4B0E40C61CE9E27100AD1330 /* Assets.xcassets in Resources */,
				4B0E410C1CE9E37C00AD1330 /* ViewController.xib in Resources */,
				4B0E40C91CE9E27100AD1330 /* LaunchScreen.storyboard in Resources */,
				4B5479061CEAB731005C5EE8 /* CacheViewController.xib in Resources */,
			);
			runOnlyForDeploymentPostprocessing = 0;
		};
/* End PBXResourcesBuildPhase section */

/* Begin PBXShellScriptBuildPhase section */
		6248991F788A48F9262F9947 /* 📦 Copy Pods Resources */ = {
			isa = PBXShellScriptBuildPhase;
			buildActionMask = 2147483647;
			files = (
			);
			inputPaths = (
			);
			name = "📦 Copy Pods Resources";
			outputPaths = (
			);
			runOnlyForDeploymentPostprocessing = 0;
			shellPath = /bin/sh;
			shellScript = "\"${SRCROOT}/Pods/Target Support Files/Pods-XHNetworkingExample/Pods-XHNetworkingExample-resources.sh\"\n";
			showEnvVarsInLog = 0;
		};
		BAF82B7E20FCEB20F8984974 /* 📦 Embed Pods Frameworks */ = {
			isa = PBXShellScriptBuildPhase;
			buildActionMask = 2147483647;
			files = (
			);
			inputPaths = (
			);
			name = "📦 Embed Pods Frameworks";
			outputPaths = (
			);
			runOnlyForDeploymentPostprocessing = 0;
			shellPath = /bin/sh;
			shellScript = "\"${SRCROOT}/Pods/Target Support Files/Pods-XHNetworkingExample/Pods-XHNetworkingExample-frameworks.sh\"\n";
			showEnvVarsInLog = 0;
		};
		BB14679224FB1479928AD3C2 /* 📦 Check Pods Manifest.lock */ = {
			isa = PBXShellScriptBuildPhase;
			buildActionMask = 2147483647;
			files = (
			);
			inputPaths = (
			);
			name = "📦 Check Pods Manifest.lock";
			outputPaths = (
			);
			runOnlyForDeploymentPostprocessing = 0;
			shellPath = /bin/sh;
			shellScript = "diff \"${PODS_ROOT}/../Podfile.lock\" \"${PODS_ROOT}/Manifest.lock\" > /dev/null\nif [[ $? != 0 ]] ; then\n    cat << EOM\nerror: The sandbox is not in sync with the Podfile.lock. Run 'pod install' or update your CocoaPods installation.\nEOM\n    exit 1\nfi\n";
			showEnvVarsInLog = 0;
		};
/* End PBXShellScriptBuildPhase section */

/* Begin PBXSourcesBuildPhase section */
		4B0E40B81CE9E27100AD1330 /* Sources */ = {
			isa = PBXSourcesBuildPhase;
			buildActionMask = 2147483647;
			files = (
				4B0E40C41CE9E27100AD1330 /* AppDelegate.m in Sources */,
				4B5479051CEAB731005C5EE8 /* CacheViewController.m in Sources */,
				4B0E410B1CE9E37C00AD1330 /* ViewController.m in Sources */,
				4B0E41061CE9E2E600AD1330 /* XHNetworking.m in Sources */,
				4B0E40C11CE9E27100AD1330 /* main.m in Sources */,
			);
			runOnlyForDeploymentPostprocessing = 0;
		};
/* End PBXSourcesBuildPhase section */

/* Begin PBXVariantGroup section */
		4B0E40C71CE9E27100AD1330 /* LaunchScreen.storyboard */ = {
			isa = PBXVariantGroup;
			children = (
				4B0E40C81CE9E27100AD1330 /* Base */,
			);
			name = LaunchScreen.storyboard;
			sourceTree = "<group>";
		};
/* End PBXVariantGroup section */

/* Begin XCBuildConfiguration section */
		4B0E40CB1CE9E27100AD1330 /* Debug */ = {
			isa = XCBuildConfiguration;
			buildSettings = {
				ALWAYS_SEARCH_USER_PATHS = NO;
				CLANG_ANALYZER_NONNULL = YES;
				CLANG_CXX_LANGUAGE_STANDARD = "gnu++0x";
				CLANG_CXX_LIBRARY = "libc++";
				CLANG_ENABLE_MODULES = YES;
				CLANG_ENABLE_OBJC_ARC = YES;
				CLANG_WARN_BOOL_CONVERSION = YES;
				CLANG_WARN_CONSTANT_CONVERSION = YES;
				CLANG_WARN_DIRECT_OBJC_ISA_USAGE = YES_ERROR;
				CLANG_WARN_EMPTY_BODY = YES;
				CLANG_WARN_ENUM_CONVERSION = YES;
				CLANG_WARN_INT_CONVERSION = YES;
				CLANG_WARN_OBJC_ROOT_CLASS = YES_ERROR;
				CLANG_WARN_UNREACHABLE_CODE = YES;
				CLANG_WARN__DUPLICATE_METHOD_MATCH = YES;
				"CODE_SIGN_IDENTITY[sdk=iphoneos*]" = "iPhone Developer";
				COPY_PHASE_STRIP = NO;
				DEBUG_INFORMATION_FORMAT = dwarf;
				ENABLE_STRICT_OBJC_MSGSEND = YES;
				ENABLE_TESTABILITY = YES;
				GCC_C_LANGUAGE_STANDARD = gnu99;
				GCC_DYNAMIC_NO_PIC = NO;
				GCC_NO_COMMON_BLOCKS = YES;
				GCC_OPTIMIZATION_LEVEL = 0;
				GCC_PREPROCESSOR_DEFINITIONS = (
					"DEBUG=1",
					"$(inherited)",
				);
				GCC_WARN_64_TO_32_BIT_CONVERSION = YES;
				GCC_WARN_ABOUT_RETURN_TYPE = YES_ERROR;
				GCC_WARN_UNDECLARED_SELECTOR = YES;
				GCC_WARN_UNINITIALIZED_AUTOS = YES_AGGRESSIVE;
				GCC_WARN_UNUSED_FUNCTION = YES;
				GCC_WARN_UNUSED_VARIABLE = YES;
				IPHONEOS_DEPLOYMENT_TARGET = 7.0;
				MTL_ENABLE_DEBUG_INFO = YES;
				ONLY_ACTIVE_ARCH = YES;
				SDKROOT = iphoneos;
			};
			name = Debug;
		};
		4B0E40CC1CE9E27100AD1330 /* Release */ = {
			isa = XCBuildConfiguration;
			buildSettings = {
				ALWAYS_SEARCH_USER_PATHS = NO;
				CLANG_ANALYZER_NONNULL = YES;
				CLANG_CXX_LANGUAGE_STANDARD = "gnu++0x";
				CLANG_CXX_LIBRARY = "libc++";
				CLANG_ENABLE_MODULES = YES;
				CLANG_ENABLE_OBJC_ARC = YES;
				CLANG_WARN_BOOL_CONVERSION = YES;
				CLANG_WARN_CONSTANT_CONVERSION = YES;
				CLANG_WARN_DIRECT_OBJC_ISA_USAGE = YES_ERROR;
				CLANG_WARN_EMPTY_BODY = YES;
				CLANG_WARN_ENUM_CONVERSION = YES;
				CLANG_WARN_INT_CONVERSION = YES;
				CLANG_WARN_OBJC_ROOT_CLASS = YES_ERROR;
				CLANG_WARN_UNREACHABLE_CODE = YES;
				CLANG_WARN__DUPLICATE_METHOD_MATCH = YES;
				"CODE_SIGN_IDENTITY[sdk=iphoneos*]" = "iPhone Developer";
				COPY_PHASE_STRIP = NO;
				DEBUG_INFORMATION_FORMAT = "dwarf-with-dsym";
				ENABLE_NS_ASSERTIONS = NO;
				ENABLE_STRICT_OBJC_MSGSEND = YES;
				GCC_C_LANGUAGE_STANDARD = gnu99;
				GCC_NO_COMMON_BLOCKS = YES;
				GCC_WARN_64_TO_32_BIT_CONVERSION = YES;
				GCC_WARN_ABOUT_RETURN_TYPE = YES_ERROR;
				GCC_WARN_UNDECLARED_SELECTOR = YES;
				GCC_WARN_UNINITIALIZED_AUTOS = YES_AGGRESSIVE;
				GCC_WARN_UNUSED_FUNCTION = YES;
				GCC_WARN_UNUSED_VARIABLE = YES;
				IPHONEOS_DEPLOYMENT_TARGET = 7.0;
				MTL_ENABLE_DEBUG_INFO = NO;
				SDKROOT = iphoneos;
				VALIDATE_PRODUCT = YES;
			};
			name = Release;
		};
		4B0E40CE1CE9E27100AD1330 /* Debug */ = {
			isa = XCBuildConfiguration;
			baseConfigurationReference = B3AF1BBD62071BE228F84435 /* Pods-XHNetworkingExample.debug.xcconfig */;
			buildSettings = {
				ASSETCATALOG_COMPILER_APPICON_NAME = AppIcon;
				INFOPLIST_FILE = XHNetworkingExample/Info.plist;
				LD_RUNPATH_SEARCH_PATHS = "$(inherited) @executable_path/Frameworks";
				PRODUCT_BUNDLE_IDENTIFIER = qiantou.XHNetworkingExample;
				PRODUCT_NAME = "$(TARGET_NAME)";
			};
			name = Debug;
		};
		4B0E40CF1CE9E27100AD1330 /* Release */ = {
			isa = XCBuildConfiguration;
			baseConfigurationReference = FC33E12F966860EFD982B6D9 /* Pods-XHNetworkingExample.release.xcconfig */;
			buildSettings = {
				ASSETCATALOG_COMPILER_APPICON_NAME = AppIcon;
				INFOPLIST_FILE = XHNetworkingExample/Info.plist;
				LD_RUNPATH_SEARCH_PATHS = "$(inherited) @executable_path/Frameworks";
				PRODUCT_BUNDLE_IDENTIFIER = qiantou.XHNetworkingExample;
				PRODUCT_NAME = "$(TARGET_NAME)";
			};
			name = Release;
		};
/* End XCBuildConfiguration section */

/* Begin XCConfigurationList section */
		4B0E40B71CE9E27100AD1330 /* Build configuration list for PBXProject "XHNetworkingExample" */ = {
			isa = XCConfigurationList;
			buildConfigurations = (
				4B0E40CB1CE9E27100AD1330 /* Debug */,
				4B0E40CC1CE9E27100AD1330 /* Release */,
			);
			defaultConfigurationIsVisible = 0;
			defaultConfigurationName = Release;
		};
		4B0E40CD1CE9E27100AD1330 /* Build configuration list for PBXNativeTarget "XHNetworkingExample" */ = {
			isa = XCConfigurationList;
			buildConfigurations = (
				4B0E40CE1CE9E27100AD1330 /* Debug */,
				4B0E40CF1CE9E27100AD1330 /* Release */,
			);
			defaultConfigurationIsVisible = 0;
			defaultConfigurationName = Release;
		};
/* End XCConfigurationList section */
	};
	rootObject = 4B0E40B41CE9E27100AD1330 /* Project object */;
}
